
Microsoft Visual Studio Solution File, Format Version 12.00
# Visual Studio 15
VisualStudioVersion = 15.0.26730.12
MinimumVisualStudioVersion = 10.0.40219.1
Project("{FAE04EC0-301F-11D3-BF4B-00C04F79EFBC}") = "Views", "Views\Views.csproj", "{FB102D00-A44F-48D5-BABC-824DB9520256}"
EndProject
Project("{FAE04EC0-301F-11D3-BF4B-00C04F79EFBC}") = "ViewModels", "ViewModels\ViewModels.csproj", "{8EC1223F-2376-4895-8FEA-783BD02191F3}"
EndProject
Project("{FAE04EC0-301F-11D3-BF4B-00C04F79EFBC}") = "Models", "Models\Models.csproj", "{701703A9-DE52-4BD1-B999-807C21487F5E}"
EndProject
Global
	GlobalSection(SolutionConfigurationPlatforms) = preSolution
		Debug|Any CPU = Debug|Any CPU
		Release|Any CPU = Release|Any CPU
	EndGlobalSection
	GlobalSection(ProjectConfigurationPlatforms) = postSolution
		{FB102D00-A44F-48D5-BABC-824DB9520256}.Debug|Any CPU.ActiveCfg = Debug|Any CPU
		{FB102D00-A44F-48D5-BABC-824DB9520256}.Debug|Any CPU.Build.0 = Debug|Any CPU
		{FB102D00-A44F-48D5-BABC-824DB9520256}.Release|Any CPU.ActiveCfg = Release|Any CPU
		{FB102D00-A44F-48D5-BABC-824DB9520256}.Release|Any CPU.Build.0 = Release|Any CPU
		{8EC1223F-2376-4895-8FEA-783BD02191F3}.Debug|Any CPU.ActiveCfg = Debug|Any CPU
		{8EC1223F-2376-4895-8FEA-783BD02191F3}.Debug|Any CPU.Build.0 = Debug|Any CPU
		{8EC1223F-2376-4895-8FEA-783BD02191F3}.Release|Any CPU.ActiveCfg = Release|Any CPU
		{8EC1223F-2376-4895-8FEA-783BD02191F3}.Release|Any CPU.Build.0 = Release|Any CPU
		{701703A9-DE52-4BD1-B999-807C21487F5E}.Debug|Any CPU.ActiveCfg = Debug|Any CPU
		{701703A9-DE52-4BD1-B999-807C21487F5E}.Debug|Any CPU.Build.0 = Debug|Any CPU
		{701703A9-DE52-4BD1-B999-807C21487F5E}.Release|Any CPU.ActiveCfg = Release|Any CPU
		{701703A9-DE52-4BD1-B999-807C21487F5E}.Release|Any CPU.Build.0 = Release|Any CPU
	EndGlobalSection
	GlobalSection(SolutionProperties) = preSolution
		HideSolutionNode = FALSE
	EndGlobalSection
	GlobalSection(ExtensibilityGlobals) = postSolution
		SolutionGuid = {72B7CAAF-709E-4265-A7EA-B4148F50E86A}
	EndGlobalSection
EndGlobal
